
Microsoft Visual Studio Solution File, Format Version 12.00
# Visual Studio Version 17
VisualStudioVersion = 17.1.32228.430
MinimumVisualStudioVersion = 10.0.40219.1
Project("{9A19103F-16F7-4668-BE54-9A1E7A4F7556}") = "AdLerBackend", "AdLerBackend\AdLerBackend.csproj", "{ED3DC55F-9BE7-4226-A927-8664F2850EA4}"
EndProject
Project("{FAE04EC0-301F-11D3-BF4B-00C04F79EFBC}") = "AdLerBackendTest", "AdLerBackendTest\AdLerBackendTest.csproj", "{237FBF9A-6068-4CE4-B177-96DAE1DFCA71}"
EndProject
Global
	GlobalSection(SolutionConfigurationPlatforms) = preSolution
		Debug|Any CPU = Debug|Any CPU
		Release|Any CPU = Release|Any CPU
	EndGlobalSection
	GlobalSection(ProjectConfigurationPlatforms) = postSolution
		{ED3DC55F-9BE7-4226-A927-8664F2850EA4}.Debug|Any CPU.ActiveCfg = Debug|Any CPU
		{ED3DC55F-9BE7-4226-A927-8664F2850EA4}.Debug|Any CPU.Build.0 = Debug|Any CPU
		{ED3DC55F-9BE7-4226-A927-8664F2850EA4}.Release|Any CPU.ActiveCfg = Release|Any CPU
		{ED3DC55F-9BE7-4226-A927-8664F2850EA4}.Release|Any CPU.Build.0 = Release|Any CPU
		{237FBF9A-6068-4CE4-B177-96DAE1DFCA71}.Debug|Any CPU.ActiveCfg = Debug|Any CPU
		{237FBF9A-6068-4CE4-B177-96DAE1DFCA71}.Debug|Any CPU.Build.0 = Debug|Any CPU
		{237FBF9A-6068-4CE4-B177-96DAE1DFCA71}.Release|Any CPU.ActiveCfg = Release|Any CPU
		{237FBF9A-6068-4CE4-B177-96DAE1DFCA71}.Release|Any CPU.Build.0 = Release|Any CPU
	EndGlobalSection
	GlobalSection(SolutionProperties) = preSolution
		HideSolutionNode = FALSE
	EndGlobalSection
	GlobalSection(ExtensibilityGlobals) = postSolution
		SolutionGuid = {46281D86-2486-40D9-A473-5A4C5D0358E0}
	EndGlobalSection
EndGlobal
